
Microsoft Visual Studio Solution File, Format Version 12.00
# Visual Studio Version 17
VisualStudioVersion = 17.0.31903.59
MinimumVisualStudioVersion = 10.0.40219.1
Project("{2150E333-8FDC-42A3-9474-1A3956D46DE8}") = "src", "src", "{938F9F91-4A6D-413D-87DC-87D5203879BE}"
EndProject
Project("{FAE04EC0-301F-11D3-BF4B-00C04F79EFBC}") = "TicketHub.Domain", "src\TicketHub.Domain\TicketHub.Domain.csproj", "{91F0DD99-CBEC-4175-AC45-285ACEF0D9CA}"
EndProject
Project("{FAE04EC0-301F-11D3-BF4B-00C04F79EFBC}") = "TicketHub.Documentation", "src\TicketHub.Documentation\TicketHub.Documentation.csproj", "{B292544D-AABF-46BB-B3F0-3B2BFE93EDDC}"
EndProject
Project("{FAE04EC0-301F-11D3-BF4B-00C04F79EFBC}") = "TicketHub.WebAPI", "src\TicketHub.WebAPI\TicketHub.WebAPI.csproj", "{2B6B52EC-BED8-4596-9FF4-D6478A0C6226}"
EndProject
Project("{FAE04EC0-301F-11D3-BF4B-00C04F79EFBC}") = "TicketHub.Infrastructure", "src\TicketHub.Infrastructure\TicketHub.Infrastructure.csproj", "{3FC5BBF6-308A-47BB-B46B-82D64BF2A55A}"
EndProject
Project("{FAE04EC0-301F-11D3-BF4B-00C04F79EFBC}") = "TicketHub.Application", "src\TicketHub.Application\TicketHub.Application.csproj", "{C46CA446-5E6A-42B6-93CF-0F6623369996}"
EndProject
Project("{2150E333-8FDC-42A3-9474-1A3956D46DE8}") = "tests", "tests", "{6CC3AC87-4545-4C07-80DF-3162BF0281B1}"
EndProject
Project("{FAE04EC0-301F-11D3-BF4B-00C04F79EFBC}") = "TicketHub.IntegrationTests", "tests\TicketHub.IntegrationTests\TicketHub.IntegrationTests.csproj", "{1AA66CF9-8844-42F7-A8EF-298DF64C31F1}"
EndProject
Project("{FAE04EC0-301F-11D3-BF4B-00C04F79EFBC}") = "TicketHub.UnitTests", "tests\TicketHub.UnitTests\TicketHub.UnitTests.csproj", "{C7059638-7104-4E54-9570-A1266509A3E8}"
EndProject
Global
	GlobalSection(SolutionConfigurationPlatforms) = preSolution
		Debug|Any CPU = Debug|Any CPU
		Release|Any CPU = Release|Any CPU
	EndGlobalSection
	GlobalSection(SolutionProperties) = preSolution
		HideSolutionNode = FALSE
	EndGlobalSection
	GlobalSection(ProjectConfigurationPlatforms) = postSolution
		{91F0DD99-CBEC-4175-AC45-285ACEF0D9CA}.Debug|Any CPU.ActiveCfg = Debug|Any CPU
		{91F0DD99-CBEC-4175-AC45-285ACEF0D9CA}.Debug|Any CPU.Build.0 = Debug|Any CPU
		{91F0DD99-CBEC-4175-AC45-285ACEF0D9CA}.Release|Any CPU.ActiveCfg = Release|Any CPU
		{91F0DD99-CBEC-4175-AC45-285ACEF0D9CA}.Release|Any CPU.Build.0 = Release|Any CPU
		{B292544D-AABF-46BB-B3F0-3B2BFE93EDDC}.Debug|Any CPU.ActiveCfg = Debug|Any CPU
		{B292544D-AABF-46BB-B3F0-3B2BFE93EDDC}.Debug|Any CPU.Build.0 = Debug|Any CPU
		{B292544D-AABF-46BB-B3F0-3B2BFE93EDDC}.Release|Any CPU.ActiveCfg = Release|Any CPU
		{B292544D-AABF-46BB-B3F0-3B2BFE93EDDC}.Release|Any CPU.Build.0 = Release|Any CPU
		{2B6B52EC-BED8-4596-9FF4-D6478A0C6226}.Debug|Any CPU.ActiveCfg = Debug|Any CPU
		{2B6B52EC-BED8-4596-9FF4-D6478A0C6226}.Debug|Any CPU.Build.0 = Debug|Any CPU
		{2B6B52EC-BED8-4596-9FF4-D6478A0C6226}.Release|Any CPU.ActiveCfg = Release|Any CPU
		{2B6B52EC-BED8-4596-9FF4-D6478A0C6226}.Release|Any CPU.Build.0 = Release|Any CPU
		{3FC5BBF6-308A-47BB-B46B-82D64BF2A55A}.Debug|Any CPU.ActiveCfg = Debug|Any CPU
		{3FC5BBF6-308A-47BB-B46B-82D64BF2A55A}.Debug|Any CPU.Build.0 = Debug|Any CPU
		{3FC5BBF6-308A-47BB-B46B-82D64BF2A55A}.Release|Any CPU.ActiveCfg = Release|Any CPU
		{3FC5BBF6-308A-47BB-B46B-82D64BF2A55A}.Release|Any CPU.Build.0 = Release|Any CPU
		{C46CA446-5E6A-42B6-93CF-0F6623369996}.Debug|Any CPU.ActiveCfg = Debug|Any CPU
		{C46CA446-5E6A-42B6-93CF-0F6623369996}.Debug|Any CPU.Build.0 = Debug|Any CPU
		{C46CA446-5E6A-42B6-93CF-0F6623369996}.Release|Any CPU.ActiveCfg = Release|Any CPU
		{C46CA446-5E6A-42B6-93CF-0F6623369996}.Release|Any CPU.Build.0 = Release|Any CPU
		{1AA66CF9-8844-42F7-A8EF-298DF64C31F1}.Debug|Any CPU.ActiveCfg = Debug|Any CPU
		{1AA66CF9-8844-42F7-A8EF-298DF64C31F1}.Debug|Any CPU.Build.0 = Debug|Any CPU
		{1AA66CF9-8844-42F7-A8EF-298DF64C31F1}.Release|Any CPU.ActiveCfg = Release|Any CPU
		{1AA66CF9-8844-42F7-A8EF-298DF64C31F1}.Release|Any CPU.Build.0 = Release|Any CPU
		{C7059638-7104-4E54-9570-A1266509A3E8}.Debug|Any CPU.ActiveCfg = Debug|Any CPU
		{C7059638-7104-4E54-9570-A1266509A3E8}.Debug|Any CPU.Build.0 = Debug|Any CPU
		{C7059638-7104-4E54-9570-A1266509A3E8}.Release|Any CPU.ActiveCfg = Release|Any CPU
		{C7059638-7104-4E54-9570-A1266509A3E8}.Release|Any CPU.Build.0 = Release|Any CPU
	EndGlobalSection
	GlobalSection(NestedProjects) = preSolution
		{91F0DD99-CBEC-4175-AC45-285ACEF0D9CA} = {938F9F91-4A6D-413D-87DC-87D5203879BE}
		{B292544D-AABF-46BB-B3F0-3B2BFE93EDDC} = {938F9F91-4A6D-413D-87DC-87D5203879BE}
		{2B6B52EC-BED8-4596-9FF4-D6478A0C6226} = {938F9F91-4A6D-413D-87DC-87D5203879BE}
		{3FC5BBF6-308A-47BB-B46B-82D64BF2A55A} = {938F9F91-4A6D-413D-87DC-87D5203879BE}
		{C46CA446-5E6A-42B6-93CF-0F6623369996} = {938F9F91-4A6D-413D-87DC-87D5203879BE}
		{1AA66CF9-8844-42F7-A8EF-298DF64C31F1} = {6CC3AC87-4545-4C07-80DF-3162BF0281B1}
		{C7059638-7104-4E54-9570-A1266509A3E8} = {6CC3AC87-4545-4C07-80DF-3162BF0281B1}
	EndGlobalSection
EndGlobal
